
Microsoft Visual Studio Solution File, Format Version 12.00
# Visual Studio Version 18
VisualStudioVersion = 18.1.11304.174 d18.0
MinimumVisualStudioVersion = 10.0.40219.1
Project("{FAE04EC0-301F-11D3-BF4B-00C04F79EFBC}") = "AdventOfCode2024", "AdventOfCode2024\AdventOfCode2024.csproj", "{B2848DD5-1955-426A-A834-0D3C320E6446}"
EndProject
Project("{FAE04EC0-301F-11D3-BF4B-00C04F79EFBC}") = "AdventOfCode2025", "AdventOfCode2025\AdventOfCode2025.csproj", "{A1BB0D2B-3345-4A05-8AD2-64A55B951208}"
EndProject
Global
	GlobalSection(SolutionConfigurationPlatforms) = preSolution
		Debug|Any CPU = Debug|Any CPU
		Release|Any CPU = Release|Any CPU
	EndGlobalSection
	GlobalSection(ProjectConfigurationPlatforms) = postSolution
		{B2848DD5-1955-426A-A834-0D3C320E6446}.Debug|Any CPU.ActiveCfg = Debug|Any CPU
		{B2848DD5-1955-426A-A834-0D3C320E6446}.Debug|Any CPU.Build.0 = Debug|Any CPU
		{B2848DD5-1955-426A-A834-0D3C320E6446}.Release|Any CPU.ActiveCfg = Release|Any CPU
		{B2848DD5-1955-426A-A834-0D3C320E6446}.Release|Any CPU.Build.0 = Release|Any CPU
		{A1BB0D2B-3345-4A05-8AD2-64A55B951208}.Debug|Any CPU.ActiveCfg = Debug|Any CPU
		{A1BB0D2B-3345-4A05-8AD2-64A55B951208}.Debug|Any CPU.Build.0 = Debug|Any CPU
		{A1BB0D2B-3345-4A05-8AD2-64A55B951208}.Release|Any CPU.ActiveCfg = Release|Any CPU
		{A1BB0D2B-3345-4A05-8AD2-64A55B951208}.Release|Any CPU.Build.0 = Release|Any CPU
	EndGlobalSection
	GlobalSection(SolutionProperties) = preSolution
		HideSolutionNode = FALSE
	EndGlobalSection
EndGlobal
